
Microsoft Visual Studio Solution File, Format Version 12.00
# Visual Studio 15
VisualStudioVersion = 15.0.26124.0
MinimumVisualStudioVersion = 15.0.26124.0
Project("{FAE04EC0-301F-11D3-BF4B-00C04F79EFBC}") = "Domain", "Domain\Domain.csproj", "{0FB1B5A5-1C42-4BA2-B668-8541DFDBB11B}"
EndProject
Project("{FAE04EC0-301F-11D3-BF4B-00C04F79EFBC}") = "Application", "Application\Application.csproj", "{6291A86B-6DF4-4FF7-A9F7-807F59A54962}"
EndProject
Project("{FAE04EC0-301F-11D3-BF4B-00C04F79EFBC}") = "Persistence", "Persistence\Persistence.csproj", "{D37EB32F-96B0-419D-B631-C99D4D767129}"
EndProject
Project("{FAE04EC0-301F-11D3-BF4B-00C04F79EFBC}") = "API", "API\API.csproj", "{24F1E910-9E66-4B4A-A2F1-E85AC1D689F5}"
EndProject
Global
	GlobalSection(SolutionConfigurationPlatforms) = preSolution
		Debug|Any CPU = Debug|Any CPU
		Debug|x64 = Debug|x64
		Debug|x86 = Debug|x86
		Release|Any CPU = Release|Any CPU
		Release|x64 = Release|x64
		Release|x86 = Release|x86
	EndGlobalSection
	GlobalSection(SolutionProperties) = preSolution
		HideSolutionNode = FALSE
	EndGlobalSection
	GlobalSection(ProjectConfigurationPlatforms) = postSolution
		{0FB1B5A5-1C42-4BA2-B668-8541DFDBB11B}.Debug|Any CPU.ActiveCfg = Debug|Any CPU
		{0FB1B5A5-1C42-4BA2-B668-8541DFDBB11B}.Debug|Any CPU.Build.0 = Debug|Any CPU
		{0FB1B5A5-1C42-4BA2-B668-8541DFDBB11B}.Debug|x64.ActiveCfg = Debug|Any CPU
		{0FB1B5A5-1C42-4BA2-B668-8541DFDBB11B}.Debug|x64.Build.0 = Debug|Any CPU
		{0FB1B5A5-1C42-4BA2-B668-8541DFDBB11B}.Debug|x86.ActiveCfg = Debug|Any CPU
		{0FB1B5A5-1C42-4BA2-B668-8541DFDBB11B}.Debug|x86.Build.0 = Debug|Any CPU
		{0FB1B5A5-1C42-4BA2-B668-8541DFDBB11B}.Release|Any CPU.ActiveCfg = Release|Any CPU
		{0FB1B5A5-1C42-4BA2-B668-8541DFDBB11B}.Release|Any CPU.Build.0 = Release|Any CPU
		{0FB1B5A5-1C42-4BA2-B668-8541DFDBB11B}.Release|x64.ActiveCfg = Release|Any CPU
		{0FB1B5A5-1C42-4BA2-B668-8541DFDBB11B}.Release|x64.Build.0 = Release|Any CPU
		{0FB1B5A5-1C42-4BA2-B668-8541DFDBB11B}.Release|x86.ActiveCfg = Release|Any CPU
		{0FB1B5A5-1C42-4BA2-B668-8541DFDBB11B}.Release|x86.Build.0 = Release|Any CPU
		{6291A86B-6DF4-4FF7-A9F7-807F59A54962}.Debug|Any CPU.ActiveCfg = Debug|Any CPU
		{6291A86B-6DF4-4FF7-A9F7-807F59A54962}.Debug|Any CPU.Build.0 = Debug|Any CPU
		{6291A86B-6DF4-4FF7-A9F7-807F59A54962}.Debug|x64.ActiveCfg = Debug|Any CPU
		{6291A86B-6DF4-4FF7-A9F7-807F59A54962}.Debug|x64.Build.0 = Debug|Any CPU
		{6291A86B-6DF4-4FF7-A9F7-807F59A54962}.Debug|x86.ActiveCfg = Debug|Any CPU
		{6291A86B-6DF4-4FF7-A9F7-807F59A54962}.Debug|x86.Build.0 = Debug|Any CPU
		{6291A86B-6DF4-4FF7-A9F7-807F59A54962}.Release|Any CPU.ActiveCfg = Release|Any CPU
		{6291A86B-6DF4-4FF7-A9F7-807F59A54962}.Release|Any CPU.Build.0 = Release|Any CPU
		{6291A86B-6DF4-4FF7-A9F7-807F59A54962}.Release|x64.ActiveCfg = Release|Any CPU
		{6291A86B-6DF4-4FF7-A9F7-807F59A54962}.Release|x64.Build.0 = Release|Any CPU
		{6291A86B-6DF4-4FF7-A9F7-807F59A54962}.Release|x86.ActiveCfg = Release|Any CPU
		{6291A86B-6DF4-4FF7-A9F7-807F59A54962}.Release|x86.Build.0 = Release|Any CPU
		{D37EB32F-96B0-419D-B631-C99D4D767129}.Debug|Any CPU.ActiveCfg = Debug|Any CPU
		{D37EB32F-96B0-419D-B631-C99D4D767129}.Debug|Any CPU.Build.0 = Debug|Any CPU
		{D37EB32F-96B0-419D-B631-C99D4D767129}.Debug|x64.ActiveCfg = Debug|Any CPU
		{D37EB32F-96B0-419D-B631-C99D4D767129}.Debug|x64.Build.0 = Debug|Any CPU
		{D37EB32F-96B0-419D-B631-C99D4D767129}.Debug|x86.ActiveCfg = Debug|Any CPU
		{D37EB32F-96B0-419D-B631-C99D4D767129}.Debug|x86.Build.0 = Debug|Any CPU
		{D37EB32F-96B0-419D-B631-C99D4D767129}.Release|Any CPU.ActiveCfg = Release|Any CPU
		{D37EB32F-96B0-419D-B631-C99D4D767129}.Release|Any CPU.Build.0 = Release|Any CPU
		{D37EB32F-96B0-419D-B631-C99D4D767129}.Release|x64.ActiveCfg = Release|Any CPU
		{D37EB32F-96B0-419D-B631-C99D4D767129}.Release|x64.Build.0 = Release|Any CPU
		{D37EB32F-96B0-419D-B631-C99D4D767129}.Release|x86.ActiveCfg = Release|Any CPU
		{D37EB32F-96B0-419D-B631-C99D4D767129}.Release|x86.Build.0 = Release|Any CPU
		{24F1E910-9E66-4B4A-A2F1-E85AC1D689F5}.Debug|Any CPU.ActiveCfg = Debug|Any CPU
		{24F1E910-9E66-4B4A-A2F1-E85AC1D689F5}.Debug|Any CPU.Build.0 = Debug|Any CPU
		{24F1E910-9E66-4B4A-A2F1-E85AC1D689F5}.Debug|x64.ActiveCfg = Debug|Any CPU
		{24F1E910-9E66-4B4A-A2F1-E85AC1D689F5}.Debug|x64.Build.0 = Debug|Any CPU
		{24F1E910-9E66-4B4A-A2F1-E85AC1D689F5}.Debug|x86.ActiveCfg = Debug|Any CPU
		{24F1E910-9E66-4B4A-A2F1-E85AC1D689F5}.Debug|x86.Build.0 = Debug|Any CPU
		{24F1E910-9E66-4B4A-A2F1-E85AC1D689F5}.Release|Any CPU.ActiveCfg = Release|Any CPU
		{24F1E910-9E66-4B4A-A2F1-E85AC1D689F5}.Release|Any CPU.Build.0 = Release|Any CPU
		{24F1E910-9E66-4B4A-A2F1-E85AC1D689F5}.Release|x64.ActiveCfg = Release|Any CPU
		{24F1E910-9E66-4B4A-A2F1-E85AC1D689F5}.Release|x64.Build.0 = Release|Any CPU
		{24F1E910-9E66-4B4A-A2F1-E85AC1D689F5}.Release|x86.ActiveCfg = Release|Any CPU
		{24F1E910-9E66-4B4A-A2F1-E85AC1D689F5}.Release|x86.Build.0 = Release|Any CPU
	EndGlobalSection
EndGlobal
